
Microsoft Visual Studio Solution File, Format Version 12.00
# Visual Studio 15
VisualStudioVersion = 15.0.27703.2026
MinimumVisualStudioVersion = 10.0.40219.1
Project("{FAE04EC0-301F-11D3-BF4B-00C04F79EFBC}") = "PizzaApp", "PizzaApp\PizzaApp.csproj", "{D7A77038-4A69-49B1-A0BD-A5AE0EC341DC}"
EndProject
Global
	GlobalSection(SolutionConfigurationPlatforms) = preSolution
		Debug|Any CPU = Debug|Any CPU
		Release|Any CPU = Release|Any CPU
	EndGlobalSection
	GlobalSection(ProjectConfigurationPlatforms) = postSolution
		{D7A77038-4A69-49B1-A0BD-A5AE0EC341DC}.Debug|Any CPU.ActiveCfg = Debug|Any CPU
		{D7A77038-4A69-49B1-A0BD-A5AE0EC341DC}.Debug|Any CPU.Build.0 = Debug|Any CPU
		{D7A77038-4A69-49B1-A0BD-A5AE0EC341DC}.Release|Any CPU.ActiveCfg = Release|Any CPU
		{D7A77038-4A69-49B1-A0BD-A5AE0EC341DC}.Release|Any CPU.Build.0 = Release|Any CPU
	EndGlobalSection
	GlobalSection(SolutionProperties) = preSolution
		HideSolutionNode = FALSE
	EndGlobalSection
	GlobalSection(ExtensibilityGlobals) = postSolution
		SolutionGuid = {1A837EB8-5D9E-470D-9F12-616C3CF3314C}
	EndGlobalSection
EndGlobal
